# THIS IS AN AUTOGENERATED FILE. DO NOT EDIT THIS FILE DIRECTLY.
# yarn lockfile v1


"@sooomucheffort/kitsune@^0.2.2":
  version "0.2.2"
  resolved "https://registry.yarnpkg.com/@sooomucheffort/kitsune/-/kitsune-0.2.2.tgz#23431509d2ff0bec7b948cd6c266ceb532547aa5"
  integrity sha512-k1FyteZ/96vsqO/1WcMX8vWEEKYOS8qc5w5V/1fLj0LpObTK8u7cd7iBtzKPBhMef2GrqoA5msLMBzRvUgX/Gw==
